
Microsoft Visual Studio Solution File, Format Version 12.00
# Visual Studio Version 16
VisualStudioVersion = 16.0.29905.134
MinimumVisualStudioVersion = 10.0.40219.1
Project("{FAE04EC0-301F-11D3-BF4B-00C04F79EFBC}") = "MyTest", "MyTest.csproj", "{C398BD71-E80F-4207-BC79-5FE0F7B72D64}"
EndProject
Project("{2150E333-8FDC-42A3-9474-1A3956D46DE8}") = "Solution Items", "Solution Items", "{D647B61C-17C0-4D6F-B23E-DEE2C4C0740C}"
	ProjectSection(SolutionItems) = preProject
		.editorconfig = .editorconfig
	EndProjectSection
EndProject
Global
	GlobalSection(SolutionConfigurationPlatforms) = preSolution
		Debug|Any CPU = Debug|Any CPU
		Release|Any CPU = Release|Any CPU
	EndGlobalSection
	GlobalSection(ProjectConfigurationPlatforms) = postSolution
		{C398BD71-E80F-4207-BC79-5FE0F7B72D64}.Debug|Any CPU.ActiveCfg = Debug|Any CPU
		{C398BD71-E80F-4207-BC79-5FE0F7B72D64}.Debug|Any CPU.Build.0 = Debug|Any CPU
		{C398BD71-E80F-4207-BC79-5FE0F7B72D64}.Release|Any CPU.ActiveCfg = Release|Any CPU
		{C398BD71-E80F-4207-BC79-5FE0F7B72D64}.Release|Any CPU.Build.0 = Release|Any CPU
	EndGlobalSection
	GlobalSection(SolutionProperties) = preSolution
		HideSolutionNode = FALSE
	EndGlobalSection
	GlobalSection(ExtensibilityGlobals) = postSolution
		SolutionGuid = {EDC00AD3-EAC7-4E42-B781-FB2552E6D849}
	EndGlobalSection
EndGlobal
